
Microsoft Visual Studio Solution File, Format Version 11.00
# Visual Studio 2010
Project("{FAE04EC0-301F-11D3-BF4B-00C04F79EFBC}") = "Website", "Website\Website.csproj", "{96D516C6-B4E7-447E-ADBD-ECCEA153ECFA}"
	ProjectSection(ProjectDependencies) = postProject
		{FD96E164-287E-4758-9501-D06319CFE214} = {FD96E164-287E-4758-9501-D06319CFE214}
	EndProjectSection
EndProject
Project("{FAE04EC0-301F-11D3-BF4B-00C04F79EFBC}") = "Application", "Application\Application.csproj", "{FD96E164-287E-4758-9501-D06319CFE214}"
EndProject
Global
	GlobalSection(SolutionConfigurationPlatforms) = preSolution
		Debug|Any CPU = Debug|Any CPU
		Release|Any CPU = Release|Any CPU
	EndGlobalSection
	GlobalSection(ProjectConfigurationPlatforms) = postSolution
		{96D516C6-B4E7-447E-ADBD-ECCEA153ECFA}.Debug|Any CPU.ActiveCfg = Debug|Any CPU
		{96D516C6-B4E7-447E-ADBD-ECCEA153ECFA}.Debug|Any CPU.Build.0 = Debug|Any CPU
		{96D516C6-B4E7-447E-ADBD-ECCEA153ECFA}.Release|Any CPU.ActiveCfg = Release|Any CPU
		{96D516C6-B4E7-447E-ADBD-ECCEA153ECFA}.Release|Any CPU.Build.0 = Release|Any CPU
		{FD96E164-287E-4758-9501-D06319CFE214}.Debug|Any CPU.ActiveCfg = Debug|Any CPU
		{FD96E164-287E-4758-9501-D06319CFE214}.Debug|Any CPU.Build.0 = Debug|Any CPU
		{FD96E164-287E-4758-9501-D06319CFE214}.Release|Any CPU.ActiveCfg = Release|Any CPU
		{FD96E164-287E-4758-9501-D06319CFE214}.Release|Any CPU.Build.0 = Release|Any CPU
	EndGlobalSection
	GlobalSection(SolutionProperties) = preSolution
		HideSolutionNode = FALSE
	EndGlobalSection
EndGlobal
